// !$*UTF8*$!
{
	archiveVersion = 1;
	classes = {
	};
	objectVersion = 50;
	objects = {

/* Begin PBXBuildFile section */
		D11922E3240CE7B2009354D2 /* SuggestedResultsTableViewCell.swift in Sources */ = {isa = PBXBuildFile; fileRef = D11922E2240CE7B2009354D2 /* SuggestedResultsTableViewCell.swift */; };
		D11922E5240CE9D1009354D2 /* ProductDataModel.swift in Sources */ = {isa = PBXBuildFile; fileRef = D11922E4240CE9D1009354D2 /* ProductDataModel.swift */; };
		D11922E7240D16D1009354D2 /* UIImageViewExtension.swift in Sources */ = {isa = PBXBuildFile; fileRef = D11922E6240D16D1009354D2 /* UIImageViewExtension.swift */; };
		D1E221C4240D3A6F00747A1A /* CoviamTaskTests.swift in Sources */ = {isa = PBXBuildFile; fileRef = D1E221C3240D3A6F00747A1A /* CoviamTaskTests.swift */; };
		EFB9F3AE240AD39F00D010C0 /* AppDelegate.swift in Sources */ = {isa = PBXBuildFile; fileRef = EFB9F3AD240AD39F00D010C0 /* AppDelegate.swift */; };
		EFB9F3B0240AD39F00D010C0 /* SceneDelegate.swift in Sources */ = {isa = PBXBuildFile; fileRef = EFB9F3AF240AD39F00D010C0 /* SceneDelegate.swift */; };
		EFB9F3B2240AD39F00D010C0 /* ViewController.swift in Sources */ = {isa = PBXBuildFile; fileRef = EFB9F3B1240AD39F00D010C0 /* ViewController.swift */; };
		EFB9F3B5240AD39F00D010C0 /* Main.storyboard in Resources */ = {isa = PBXBuildFile; fileRef = EFB9F3B3240AD39F00D010C0 /* Main.storyboard */; };
		EFB9F3B7240AD3B000D010C0 /* Assets.xcassets in Resources */ = {isa = PBXBuildFile; fileRef = EFB9F3B6240AD3B000D010C0 /* Assets.xcassets */; };
		EFB9F3BA240AD3B000D010C0 /* LaunchScreen.storyboard in Resources */ = {isa = PBXBuildFile; fileRef = EFB9F3B8240AD3B000D010C0 /* LaunchScreen.storyboard */; };
		EFB9F3C2240C03B500D010C0 /* SearchResultViewController.swift in Sources */ = {isa = PBXBuildFile; fileRef = EFB9F3C1240C03B500D010C0 /* SearchResultViewController.swift */; };
		EFB9F3C4240C38C500D010C0 /* ProductTableViewCell.swift in Sources */ = {isa = PBXBuildFile; fileRef = EFB9F3C3240C38C500D010C0 /* ProductTableViewCell.swift */; };
		EFB9F3C8240C3A1100D010C0 /* NetworkLayer.swift in Sources */ = {isa = PBXBuildFile; fileRef = EFB9F3C7240C3A1100D010C0 /* NetworkLayer.swift */; };
/* End PBXBuildFile section */

/* Begin PBXContainerItemProxy section */
		D1E221C6240D3A6F00747A1A /* PBXContainerItemProxy */ = {
			isa = PBXContainerItemProxy;
			containerPortal = EFB9F3A2240AD39F00D010C0 /* Project object */;
			proxyType = 1;
			remoteGlobalIDString = EFB9F3A9240AD39F00D010C0;
			remoteInfo = CoviamTask;
		};
/* End PBXContainerItemProxy section */

/* Begin PBXFileReference section */
		D11922E2240CE7B2009354D2 /* SuggestedResultsTableViewCell.swift */ = {isa = PBXFileReference; lastKnownFileType = sourcecode.swift; path = SuggestedResultsTableViewCell.swift; sourceTree = "<group>"; };
		D11922E4240CE9D1009354D2 /* ProductDataModel.swift */ = {isa = PBXFileReference; lastKnownFileType = sourcecode.swift; path = ProductDataModel.swift; sourceTree = "<group>"; };
		D11922E6240D16D1009354D2 /* UIImageViewExtension.swift */ = {isa = PBXFileReference; lastKnownFileType = sourcecode.swift; path = UIImageViewExtension.swift; sourceTree = "<group>"; };
		D1E221C1240D3A6F00747A1A /* CoviamTaskTests.xctest */ = {isa = PBXFileReference; explicitFileType = wrapper.cfbundle; includeInIndex = 0; path = CoviamTaskTests.xctest; sourceTree = BUILT_PRODUCTS_DIR; };
		D1E221C3240D3A6F00747A1A /* CoviamTaskTests.swift */ = {isa = PBXFileReference; lastKnownFileType = sourcecode.swift; path = CoviamTaskTests.swift; sourceTree = "<group>"; };
		D1E221C5240D3A6F00747A1A /* Info.plist */ = {isa = PBXFileReference; lastKnownFileType = text.plist.xml; path = Info.plist; sourceTree = "<group>"; };
		EFB9F3AA240AD39F00D010C0 /* CoviamTask.app */ = {isa = PBXFileReference; explicitFileType = wrapper.application; includeInIndex = 0; path = CoviamTask.app; sourceTree = BUILT_PRODUCTS_DIR; };
		EFB9F3AD240AD39F00D010C0 /* AppDelegate.swift */ = {isa = PBXFileReference; lastKnownFileType = sourcecode.swift; path = AppDelegate.swift; sourceTree = "<group>"; };
		EFB9F3AF240AD39F00D010C0 /* SceneDelegate.swift */ = {isa = PBXFileReference; lastKnownFileType = sourcecode.swift; path = SceneDelegate.swift; sourceTree = "<group>"; };
		EFB9F3B1240AD39F00D010C0 /* ViewController.swift */ = {isa = PBXFileReference; lastKnownFileType = sourcecode.swift; path = ViewController.swift; sourceTree = "<group>"; };
		EFB9F3B4240AD39F00D010C0 /* Base */ = {isa = PBXFileReference; lastKnownFileType = file.storyboard; name = Base; path = Base.lproj/Main.storyboard; sourceTree = "<group>"; };
		EFB9F3B6240AD3B000D010C0 /* Assets.xcassets */ = {isa = PBXFileReference; lastKnownFileType = folder.assetcatalog; path = Assets.xcassets; sourceTree = "<group>"; };
		EFB9F3B9240AD3B000D010C0 /* Base */ = {isa = PBXFileReference; lastKnownFileType = file.storyboard; name = Base; path = Base.lproj/LaunchScreen.storyboard; sourceTree = "<group>"; };
		EFB9F3BB240AD3B000D010C0 /* Info.plist */ = {isa = PBXFileReference; lastKnownFileType = text.plist.xml; path = Info.plist; sourceTree = "<group>"; };
		EFB9F3C1240C03B500D010C0 /* SearchResultViewController.swift */ = {isa = PBXFileReference; lastKnownFileType = sourcecode.swift; path = SearchResultViewController.swift; sourceTree = "<group>"; };
		EFB9F3C3240C38C500D010C0 /* ProductTableViewCell.swift */ = {isa = PBXFileReference; lastKnownFileType = sourcecode.swift; path = ProductTableViewCell.swift; sourceTree = "<group>"; };
		EFB9F3C7240C3A1100D010C0 /* NetworkLayer.swift */ = {isa = PBXFileReference; lastKnownFileType = sourcecode.swift; path = NetworkLayer.swift; sourceTree = "<group>"; };
/* End PBXFileReference section */

/* Begin PBXFrameworksBuildPhase section */
		D1E221BE240D3A6F00747A1A /* Frameworks */ = {
			isa = PBXFrameworksBuildPhase;
			buildActionMask = 2147483647;
			files = (
			);
			runOnlyForDeploymentPostprocessing = 0;
		};
		EFB9F3A7240AD39F00D010C0 /* Frameworks */ = {
			isa = PBXFrameworksBuildPhase;
			buildActionMask = 2147483647;
			files = (
			);
			runOnlyForDeploymentPostprocessing = 0;
		};
/* End PBXFrameworksBuildPhase section */

/* Begin PBXGroup section */
		D11922E8240D330D009354D2 /* App Delegate */ = {
			isa = PBXGroup;
			children = (
				EFB9F3AF240AD39F00D010C0 /* SceneDelegate.swift */,
				EFB9F3AD240AD39F00D010C0 /* AppDelegate.swift */,
			);
			path = "App Delegate";
			sourceTree = "<group>";
		};
		D11922EA240D332E009354D2 /* Data Model and Connectivity */ = {
			isa = PBXGroup;
			children = (
				D11922E4240CE9D1009354D2 /* ProductDataModel.swift */,
				EFB9F3C7240C3A1100D010C0 /* NetworkLayer.swift */,
			);
			path = "Data Model and Connectivity";
			sourceTree = "<group>";
		};
		D11922EB240D335C009354D2 /* Utilities */ = {
			isa = PBXGroup;
			children = (
				D11922E6240D16D1009354D2 /* UIImageViewExtension.swift */,
			);
			path = Utilities;
			sourceTree = "<group>";
		};
		D11922EC240D337B009354D2 /* ViewControllers */ = {
			isa = PBXGroup;
			children = (
				EFB9F3B1240AD39F00D010C0 /* ViewController.swift */,
				D11922E2240CE7B2009354D2 /* SuggestedResultsTableViewCell.swift */,
				EFB9F3C3240C38C500D010C0 /* ProductTableViewCell.swift */,
				EFB9F3C1240C03B500D010C0 /* SearchResultViewController.swift */,
			);
			path = ViewControllers;
			sourceTree = "<group>";
		};
		D1E221C2240D3A6F00747A1A /* CoviamTaskTests */ = {
			isa = PBXGroup;
			children = (
				D1E221C3240D3A6F00747A1A /* CoviamTaskTests.swift */,
				D1E221C5240D3A6F00747A1A /* Info.plist */,
			);
			path = CoviamTaskTests;
			sourceTree = "<group>";
		};
		EFB9F3A1240AD39F00D010C0 = {
			isa = PBXGroup;
			children = (
				EFB9F3AC240AD39F00D010C0 /* CoviamTask */,
				D1E221C2240D3A6F00747A1A /* CoviamTaskTests */,
				EFB9F3AB240AD39F00D010C0 /* Products */,
			);
			sourceTree = "<group>";
		};
		EFB9F3AB240AD39F00D010C0 /* Products */ = {
			isa = PBXGroup;
			children = (
				EFB9F3AA240AD39F00D010C0 /* CoviamTask.app */,
				D1E221C1240D3A6F00747A1A /* CoviamTaskTests.xctest */,
			);
			name = Products;
			sourceTree = "<group>";
		};
		EFB9F3AC240AD39F00D010C0 /* CoviamTask */ = {
			isa = PBXGroup;
			children = (
				D11922E8240D330D009354D2 /* App Delegate */,
				D11922EA240D332E009354D2 /* Data Model and Connectivity */,
				D11922EC240D337B009354D2 /* ViewControllers */,
				D11922EB240D335C009354D2 /* Utilities */,
				EFB9F3B3240AD39F00D010C0 /* Main.storyboard */,
				EFB9F3B6240AD3B000D010C0 /* Assets.xcassets */,
				EFB9F3B8240AD3B000D010C0 /* LaunchScreen.storyboard */,
				EFB9F3BB240AD3B000D010C0 /* Info.plist */,
			);
			path = CoviamTask;
			sourceTree = "<group>";
		};
/* End PBXGroup section */

/* Begin PBXNativeTarget section */
		D1E221C0240D3A6F00747A1A /* CoviamTaskTests */ = {
			isa = PBXNativeTarget;
			buildConfigurationList = D1E221CA240D3A6F00747A1A /* Build configuration list for PBXNativeTarget "CoviamTaskTests" */;
			buildPhases = (
				D1E221BD240D3A6F00747A1A /* Sources */,
				D1E221BE240D3A6F00747A1A /* Frameworks */,
				D1E221BF240D3A6F00747A1A /* Resources */,
			);
			buildRules = (
			);
			dependencies = (
				D1E221C7240D3A6F00747A1A /* PBXTargetDependency */,
			);
			name = CoviamTaskTests;
			productName = CoviamTaskTests;
			productReference = D1E221C1240D3A6F00747A1A /* CoviamTaskTests.xctest */;
			productType = "com.apple.product-type.bundle.unit-test";
		};
		EFB9F3A9240AD39F00D010C0 /* CoviamTask */ = {
			isa = PBXNativeTarget;
			buildConfigurationList = EFB9F3BE240AD3B000D010C0 /* Build configuration list for PBXNativeTarget "CoviamTask" */;
			buildPhases = (
				EFB9F3A6240AD39F00D010C0 /* Sources */,
				EFB9F3A7240AD39F00D010C0 /* Frameworks */,
				EFB9F3A8240AD39F00D010C0 /* Resources */,
			);
			buildRules = (
			);
			dependencies = (
			);
			name = CoviamTask;
			productName = CoviamTask;
			productReference = EFB9F3AA240AD39F00D010C0 /* CoviamTask.app */;
			productType = "com.apple.product-type.application";
		};
/* End PBXNativeTarget section */

/* Begin PBXProject section */
		EFB9F3A2240AD39F00D010C0 /* Project object */ = {
			isa = PBXProject;
			attributes = {
				LastSwiftUpdateCheck = 1130;
				LastUpgradeCheck = 1130;
				ORGANIZATIONNAME = "Mraj singh";
				TargetAttributes = {
					D1E221C0240D3A6F00747A1A = {
						CreatedOnToolsVersion = 11.3.1;
						TestTargetID = EFB9F3A9240AD39F00D010C0;
					};
					EFB9F3A9240AD39F00D010C0 = {
						CreatedOnToolsVersion = 11.3.1;
					};
				};
			};
			buildConfigurationList = EFB9F3A5240AD39F00D010C0 /* Build configuration list for PBXProject "CoviamTask" */;
			compatibilityVersion = "Xcode 9.3";
			developmentRegion = en;
			hasScannedForEncodings = 0;
			knownRegions = (
				en,
				Base,
			);
			mainGroup = EFB9F3A1240AD39F00D010C0;
			productRefGroup = EFB9F3AB240AD39F00D010C0 /* Products */;
			projectDirPath = "";
			projectRoot = "";
			targets = (
				EFB9F3A9240AD39F00D010C0 /* CoviamTask */,
				D1E221C0240D3A6F00747A1A /* CoviamTaskTests */,
			);
		};
/* End PBXProject section */

/* Begin PBXResourcesBuildPhase section */
		D1E221BF240D3A6F00747A1A /* Resources */ = {
			isa = PBXResourcesBuildPhase;
			buildActionMask = 2147483647;
			files = (
			);
			runOnlyForDeploymentPostprocessing = 0;
		};
		EFB9F3A8240AD39F00D010C0 /* Resources */ = {
			isa = PBXResourcesBuildPhase;
			buildActionMask = 2147483647;
			files = (
				EFB9F3BA240AD3B000D010C0 /* LaunchScreen.storyboard in Resources */,
				EFB9F3B7240AD3B000D010C0 /* Assets.xcassets in Resources */,
				EFB9F3B5240AD39F00D010C0 /* Main.storyboard in Resources */,
			);
			runOnlyForDeploymentPostprocessing = 0;
		};
/* End PBXResourcesBuildPhase section */

/* Begin PBXSourcesBuildPhase section */
		D1E221BD240D3A6F00747A1A /* Sources */ = {
			isa = PBXSourcesBuildPhase;
			buildActionMask = 2147483647;
			files = (
				D1E221C4240D3A6F00747A1A /* CoviamTaskTests.swift in Sources */,
			);
			runOnlyForDeploymentPostprocessing = 0;
		};
		EFB9F3A6240AD39F00D010C0 /* Sources */ = {
			isa = PBXSourcesBuildPhase;
			buildActionMask = 2147483647;
			files = (
				D11922E7240D16D1009354D2 /* UIImageViewExtension.swift in Sources */,
				D11922E5240CE9D1009354D2 /* ProductDataModel.swift in Sources */,
				EFB9F3C8240C3A1100D010C0 /* NetworkLayer.swift in Sources */,
				EFB9F3B2240AD39F00D010C0 /* ViewController.swift in Sources */,
				EFB9F3AE240AD39F00D010C0 /* AppDelegate.swift in Sources */,
				EFB9F3C4240C38C500D010C0 /* ProductTableViewCell.swift in Sources */,
				EFB9F3C2240C03B500D010C0 /* SearchResultViewController.swift in Sources */,
				D11922E3240CE7B2009354D2 /* SuggestedResultsTableViewCell.swift in Sources */,
				EFB9F3B0240AD39F00D010C0 /* SceneDelegate.swift in Sources */,
			);
			runOnlyForDeploymentPostprocessing = 0;
		};
/* End PBXSourcesBuildPhase section */

/* Begin PBXTargetDependency section */
		D1E221C7240D3A6F00747A1A /* PBXTargetDependency */ = {
			isa = PBXTargetDependency;
			target = EFB9F3A9240AD39F00D010C0 /* CoviamTask */;
			targetProxy = D1E221C6240D3A6F00747A1A /* PBXContainerItemProxy */;
		};
/* End PBXTargetDependency section */

/* Begin PBXVariantGroup section */
		EFB9F3B3240AD39F00D010C0 /* Main.storyboard */ = {
			isa = PBXVariantGroup;
			children = (
				EFB9F3B4240AD39F00D010C0 /* Base */,
			);
			name = Main.storyboard;
			sourceTree = "<group>";
		};
		EFB9F3B8240AD3B000D010C0 /* LaunchScreen.storyboard */ = {
			isa = PBXVariantGroup;
			children = (
				EFB9F3B9240AD3B000D010C0 /* Base */,
			);
			name = LaunchScreen.storyboard;
			sourceTree = "<group>";
		};
/* End PBXVariantGroup section */

/* Begin XCBuildConfiguration section */
		D1E221C8240D3A6F00747A1A /* Debug */ = {
			isa = XCBuildConfiguration;
			buildSettings = {
				BUNDLE_LOADER = "$(TEST_HOST)";
				CODE_SIGN_STYLE = Automatic;
				DEVELOPMENT_TEAM = R5HG74LJ28;
				INFOPLIST_FILE = CoviamTaskTests/Info.plist;
				LD_RUNPATH_SEARCH_PATHS = (
					"$(inherited)",
					"@executable_path/Frameworks",
					"@loader_path/Frameworks",
				);
				PRODUCT_BUNDLE_IDENTIFIER = mraj.CoviamTaskTests;
				PRODUCT_NAME = "$(TARGET_NAME)";
				SWIFT_VERSION = 5.0;
				TARGETED_DEVICE_FAMILY = "1,2";
				TEST_HOST = "$(BUILT_PRODUCTS_DIR)/CoviamTask.app/CoviamTask";
			};
			name = Debug;
		};
		D1E221C9240D3A6F00747A1A /* Release */ = {
			isa = XCBuildConfiguration;
			buildSettings = {
				BUNDLE_LOADER = "$(TEST_HOST)";
				CODE_SIGN_STYLE = Automatic;
				DEVELOPMENT_TEAM = R5HG74LJ28;
				INFOPLIST_FILE = CoviamTaskTests/Info.plist;
				LD_RUNPATH_SEARCH_PATHS = (
					"$(inherited)",
					"@executable_path/Frameworks",
					"@loader_path/Frameworks",
				);
				PRODUCT_BUNDLE_IDENTIFIER = mraj.CoviamTaskTests;
				PRODUCT_NAME = "$(TARGET_NAME)";
				SWIFT_VERSION = 5.0;
				TARGETED_DEVICE_FAMILY = "1,2";
				TEST_HOST = "$(BUILT_PRODUCTS_DIR)/CoviamTask.app/CoviamTask";
			};
			name = Release;
		};
		EFB9F3BC240AD3B000D010C0 /* Debug */ = {
			isa = XCBuildConfiguration;
			buildSettings = {
				ALWAYS_SEARCH_USER_PATHS = NO;
				CLANG_ANALYZER_NONNULL = YES;
				CLANG_ANALYZER_NUMBER_OBJECT_CONVERSION = YES_AGGRESSIVE;
				CLANG_CXX_LANGUAGE_STANDARD = "gnu++14";
				CLANG_CXX_LIBRARY = "libc++";
				CLANG_ENABLE_MODULES = YES;
				CLANG_ENABLE_OBJC_ARC = YES;
				CLANG_ENABLE_OBJC_WEAK = YES;
				CLANG_WARN_BLOCK_CAPTURE_AUTORELEASING = YES;
				CLANG_WARN_BOOL_CONVERSION = YES;
				CLANG_WARN_COMMA = YES;
				CLANG_WARN_CONSTANT_CONVERSION = YES;
				CLANG_WARN_DEPRECATED_OBJC_IMPLEMENTATIONS = YES;
				CLANG_WARN_DIRECT_OBJC_ISA_USAGE = YES_ERROR;
				CLANG_WARN_DOCUMENTATION_COMMENTS = YES;
				CLANG_WARN_EMPTY_BODY = YES;
				CLANG_WARN_ENUM_CONVERSION = YES;
				CLANG_WARN_INFINITE_RECURSION = YES;
				CLANG_WARN_INT_CONVERSION = YES;
				CLANG_WARN_NON_LITERAL_NULL_CONVERSION = YES;
				CLANG_WARN_OBJC_IMPLICIT_RETAIN_SELF = YES;
				CLANG_WARN_OBJC_LITERAL_CONVERSION = YES;
				CLANG_WARN_OBJC_ROOT_CLASS = YES_ERROR;
				CLANG_WARN_RANGE_LOOP_ANALYSIS = YES;
				CLANG_WARN_STRICT_PROTOTYPES = YES;
				CLANG_WARN_SUSPICIOUS_MOVE = YES;
				CLANG_WARN_UNGUARDED_AVAILABILITY = YES_AGGRESSIVE;
				CLANG_WARN_UNREACHABLE_CODE = YES;
				CLANG_WARN__DUPLICATE_METHOD_MATCH = YES;
				COPY_PHASE_STRIP = NO;
				DEBUG_INFORMATION_FORMAT = dwarf;
				ENABLE_STRICT_OBJC_MSGSEND = YES;
				ENABLE_TESTABILITY = YES;
				GCC_C_LANGUAGE_STANDARD = gnu11;
				GCC_DYNAMIC_NO_PIC = NO;
				GCC_NO_COMMON_BLOCKS = YES;
				GCC_OPTIMIZATION_LEVEL = 0;
				GCC_PREPROCESSOR_DEFINITIONS = (
					"DEBUG=1",
					"$(inherited)",
				);
				GCC_WARN_64_TO_32_BIT_CONVERSION = YES;
				GCC_WARN_ABOUT_RETURN_TYPE = YES_ERROR;
				GCC_WARN_UNDECLARED_SELECTOR = YES;
				GCC_WARN_UNINITIALIZED_AUTOS = YES_AGGRESSIVE;
				GCC_WARN_UNUSED_FUNCTION = YES;
				GCC_WARN_UNUSED_VARIABLE = YES;
				IPHONEOS_DEPLOYMENT_TARGET = 13.2;
				MTL_ENABLE_DEBUG_INFO = INCLUDE_SOURCE;
				MTL_FAST_MATH = YES;
				ONLY_ACTIVE_ARCH = YES;
				SDKROOT = iphoneos;
				SWIFT_ACTIVE_COMPILATION_CONDITIONS = DEBUG;
				SWIFT_OPTIMIZATION_LEVEL = "-Onone";
			};
			name = Debug;
		};
		EFB9F3BD240AD3B000D010C0 /* Release */ = {
			isa = XCBuildConfiguration;
			buildSettings = {
				ALWAYS_SEARCH_USER_PATHS = NO;
				CLANG_ANALYZER_NONNULL = YES;
				CLANG_ANALYZER_NUMBER_OBJECT_CONVERSION = YES_AGGRESSIVE;
				CLANG_CXX_LANGUAGE_STANDARD = "gnu++14";
				CLANG_CXX_LIBRARY = "libc++";
				CLANG_ENABLE_MODULES = YES;
				CLANG_ENABLE_OBJC_ARC = YES;
				CLANG_ENABLE_OBJC_WEAK = YES;
				CLANG_WARN_BLOCK_CAPTURE_AUTORELEASING = YES;
				CLANG_WARN_BOOL_CONVERSION = YES;
				CLANG_WARN_COMMA = YES;
				CLANG_WARN_CONSTANT_CONVERSION = YES;
				CLANG_WARN_DEPRECATED_OBJC_IMPLEMENTATIONS = YES;
				CLANG_WARN_DIRECT_OBJC_ISA_USAGE = YES_ERROR;
				CLANG_WARN_DOCUMENTATION_COMMENTS = YES;
				CLANG_WARN_EMPTY_BODY = YES;
				CLANG_WARN_ENUM_CONVERSION = YES;
				CLANG_WARN_INFINITE_RECURSION = YES;
				CLANG_WARN_INT_CONVERSION = YES;
				CLANG_WARN_NON_LITERAL_NULL_CONVERSION = YES;
				CLANG_WARN_OBJC_IMPLICIT_RETAIN_SELF = YES;
				CLANG_WARN_OBJC_LITERAL_CONVERSION = YES;
				CLANG_WARN_OBJC_ROOT_CLASS = YES_ERROR;
				CLANG_WARN_RANGE_LOOP_ANALYSIS = YES;
				CLANG_WARN_STRICT_PROTOTYPES = YES;
				CLANG_WARN_SUSPICIOUS_MOVE = YES;
				CLANG_WARN_UNGUARDED_AVAILABILITY = YES_AGGRESSIVE;
				CLANG_WARN_UNREACHABLE_CODE = YES;
				CLANG_WARN__DUPLICATE_METHOD_MATCH = YES;
				COPY_PHASE_STRIP = NO;
				DEBUG_INFORMATION_FORMAT = "dwarf-with-dsym";
				ENABLE_NS_ASSERTIONS = NO;
				ENABLE_STRICT_OBJC_MSGSEND = YES;
				GCC_C_LANGUAGE_STANDARD = gnu11;
				GCC_NO_COMMON_BLOCKS = YES;
				GCC_WARN_64_TO_32_BIT_CONVERSION = YES;
				GCC_WARN_ABOUT_RETURN_TYPE = YES_ERROR;
				GCC_WARN_UNDECLARED_SELECTOR = YES;
				GCC_WARN_UNINITIALIZED_AUTOS = YES_AGGRESSIVE;
				GCC_WARN_UNUSED_FUNCTION = YES;
				GCC_WARN_UNUSED_VARIABLE = YES;
				IPHONEOS_DEPLOYMENT_TARGET = 13.2;
				MTL_ENABLE_DEBUG_INFO = NO;
				MTL_FAST_MATH = YES;
				SDKROOT = iphoneos;
				SWIFT_COMPILATION_MODE = wholemodule;
				SWIFT_OPTIMIZATION_LEVEL = "-O";
				VALIDATE_PRODUCT = YES;
			};
			name = Release;
		};
		EFB9F3BF240AD3B000D010C0 /* Debug */ = {
			isa = XCBuildConfiguration;
			buildSettings = {
				ASSETCATALOG_COMPILER_APPICON_NAME = AppIcon;
				CODE_SIGN_STYLE = Automatic;
				DEVELOPMENT_TEAM = 6AXP866484;
				INFOPLIST_FILE = CoviamTask/Info.plist;
				LD_RUNPATH_SEARCH_PATHS = (
					"$(inherited)",
					"@executable_path/Frameworks",
				);
				PRODUCT_BUNDLE_IDENTIFIER = "com.Mraj-Singh.CoviamTask";
				PRODUCT_NAME = "$(TARGET_NAME)";
				SWIFT_VERSION = 5.0;
				TARGETED_DEVICE_FAMILY = "1,2";
			};
			name = Debug;
		};
		EFB9F3C0240AD3B000D010C0 /* Release */ = {
			isa = XCBuildConfiguration;
			buildSettings = {
				ASSETCATALOG_COMPILER_APPICON_NAME = AppIcon;
				CODE_SIGN_STYLE = Automatic;
				DEVELOPMENT_TEAM = 6AXP866484;
				INFOPLIST_FILE = CoviamTask/Info.plist;
				LD_RUNPATH_SEARCH_PATHS = (
					"$(inherited)",
					"@executable_path/Frameworks",
				);
				PRODUCT_BUNDLE_IDENTIFIER = "com.Mraj-Singh.CoviamTask";
				PRODUCT_NAME = "$(TARGET_NAME)";
				SWIFT_VERSION = 5.0;
				TARGETED_DEVICE_FAMILY = "1,2";
			};
			name = Release;
		};
/* End XCBuildConfiguration section */

/* Begin XCConfigurationList section */
		D1E221CA240D3A6F00747A1A /* Build configuration list for PBXNativeTarget "CoviamTaskTests" */ = {
			isa = XCConfigurationList;
			buildConfigurations = (
				D1E221C8240D3A6F00747A1A /* Debug */,
				D1E221C9240D3A6F00747A1A /* Release */,
			);
			defaultConfigurationIsVisible = 0;
			defaultConfigurationName = Release;
		};
		EFB9F3A5240AD39F00D010C0 /* Build configuration list for PBXProject "CoviamTask" */ = {
			isa = XCConfigurationList;
			buildConfigurations = (
				EFB9F3BC240AD3B000D010C0 /* Debug */,
				EFB9F3BD240AD3B000D010C0 /* Release */,
			);
			defaultConfigurationIsVisible = 0;
			defaultConfigurationName = Release;
		};
		EFB9F3BE240AD3B000D010C0 /* Build configuration list for PBXNativeTarget "CoviamTask" */ = {
			isa = XCConfigurationList;
			buildConfigurations = (
				EFB9F3BF240AD3B000D010C0 /* Debug */,
				EFB9F3C0240AD3B000D010C0 /* Release */,
			);
			defaultConfigurationIsVisible = 0;
			defaultConfigurationName = Release;
		};
/* End XCConfigurationList section */
	};
	rootObject = EFB9F3A2240AD39F00D010C0 /* Project object */;
}
